[[package]]
name = "atomicwrites"
version = "1.4.0"
description = "Atomic file writes."
category = "dev"
optional = false
python-versions = ">=2.7, !=3.0.*, !=3.1.*, !=3.2.*, !=3.3.*"

[[package]]
name = "attrs"
version = "21.4.0"
description = "Classes Without Boilerplate"
category = "dev"
optional = false
python-versions = ">=2.7, !=3.0.*, !=3.1.*, !=3.2.*, !=3.3.*, !=3.4.*"

[package.extras]
dev = ["coverage[toml] (>=5.0.2)", "hypothesis", "pympler", "pytest (>=4.3.0)", "six", "mypy", "pytest-mypy-plugins", "zope.interface", "furo", "sphinx", "sphinx-notfound-page", "pre-commit", "cloudpickle"]
docs = ["furo", "sphinx", "zope.interface", "sphinx-notfound-page"]
tests = ["coverage[toml] (>=5.0.2)", "hypothesis", "pympler", "pytest (>=4.3.0)", "six", "mypy", "pytest-mypy-plugins", "zope.interface", "cloudpickle"]
tests_no_zope = ["coverage[toml] (>=5.0.2)", "hypothesis", "pympler", "pytest (>=4.3.0)", "six", "mypy", "pytest-mypy-plugins", "cloudpickle"]

[[package]]
name = "cairocffi"
version = "1.3.0"
description = "cffi-based cairo bindings for Python"
category = "main"
optional = false
python-versions = ">=3.7"

[package.dependencies]
cffi = ">=1.1.0"

[package.extras]
doc = ["sphinx", "sphinx-rtd-theme"]
test = ["pytest-runner", "pytest-cov", "pytest-flake8", "pytest-isort"]
xcb = ["xcffib (>=0.3.2)"]

[[package]]
name = "cffi"
version = "1.15.0"
description = "Foreign Function Interface for Python calling C code."
category = "main"
optional = false
python-versions = "*"

[package.dependencies]
pycparser = "*"

[[package]]
name = "colorama"
version = "0.4.5"
description = "Cross-platform colored terminal text."
category = "dev"
optional = false
python-versions = ">=2.7, !=3.0.*, !=3.1.*, !=3.2.*, !=3.3.*, !=3.4.*"

[[package]]
name = "igraph"
version = "0.9.11"
description = "High performance graph data structures and algorithms"
category = "main"
optional = false
python-versions = ">=3.6"

[package.dependencies]
texttable = ">=1.6.2"

[package.extras]
doc = ["Sphinx (>=4.2.0)", "sphinxbootstrap4theme (>=0.6.0)"]
plotting = ["cairocffi (>=1.2.0)"]
test = ["networkx (>=2.5)", "pytest (>=7.0.1)", "numpy (>=1.19.0)", "pandas (>=1.1.0)", "scipy (>=1.5.0)"]
test-musl = ["networkx (>=2.5)", "pytest (>=7.0.1)"]

[[package]]
name = "importlib-metadata"
version = "4.11.4"
description = "Read metadata from Python packages"
category = "dev"
optional = false
python-versions = ">=3.7"

[package.dependencies]
typing-extensions = {version = ">=3.6.4", markers = "python_version < \"3.8\""}
zipp = ">=0.5"

[package.extras]
docs = ["sphinx", "jaraco.packaging (>=9)", "rst.linker (>=1.9)"]
perf = ["ipython"]
testing = ["pytest (>=6)", "pytest-checkdocs (>=2.4)", "pytest-flake8", "pytest-cov", "pytest-enabler (>=1.0.1)", "packaging", "pyfakefs", "flufl.flake8", "pytest-perf (>=0.9.2)", "pytest-black (>=0.3.7)", "pytest-mypy (>=0.9.1)", "importlib-resources (>=1.3)"]

[[package]]
name = "more-itertools"
version = "8.13.0"
description = "More routines for operating on iterables, beyond itertools"
category = "dev"
optional = false
python-versions = ">=3.5"

[[package]]
name = "packaging"
version = "21.3"
description = "Core utilities for Python packages"
category = "dev"
optional = false
python-versions = ">=3.6"

[package.dependencies]
pyparsing = ">=2.0.2,<3.0.5 || >3.0.5"

[[package]]
name = "pluggy"
version = "0.13.1"
description = "plugin and hook calling mechanisms for python"
category = "dev"
optional = false
python-versions = ">=2.7, !=3.0.*, !=3.1.*, !=3.2.*, !=3.3.*"

[package.dependencies]
importlib-metadata = {version = ">=0.12", markers = "python_version < \"3.8\""}

[package.extras]
dev = ["pre-commit", "tox"]

[[package]]
name = "py"
version = "1.11.0"
description = "library with cross-python path, ini-parsing, io, code, log facilities"
category = "dev"
optional = false
python-versions = ">=2.7, !=3.0.*, !=3.1.*, !=3.2.*, !=3.3.*, !=3.4.*"

[[package]]
name = "pycparser"
version = "2.21"
description = "C parser in Python"
category = "main"
optional = false
python-versions = ">=2.7, !=3.0.*, !=3.1.*, !=3.2.*, !=3.3.*"

[[package]]
name = "pyparsing"
version = "3.0.9"
description = "pyparsing module - Classes and methods to define and execute parsing grammars"
category = "dev"
optional = false
python-versions = ">=3.6.8"

[package.extras]
diagrams = ["railroad-diagrams", "jinja2"]

[[package]]
name = "pytest"
version = "5.4.3"
description = "pytest: simple powerful testing with Python"
category = "dev"
optional = false
python-versions = ">=3.5"

[package.dependencies]
atomicwrites = {version = ">=1.0", markers = "sys_platform == \"win32\""}
attrs = ">=17.4.0"
colorama = {version = "*", markers = "sys_platform == \"win32\""}
importlib-metadata = {version = ">=0.12", markers = "python_version < \"3.8\""}
more-itertools = ">=4.0.0"
packaging = "*"
pluggy = ">=0.12,<1.0"
py = ">=1.5.0"
wcwidth = "*"

[package.extras]
checkqa-mypy = ["mypy (==v0.761)"]
testing = ["argcomplete", "hypothesis (>=3.56)", "mock", "nose", "requests", "xmlschema"]

[[package]]
name = "texttable"
version = "1.6.4"
description = "module for creating simple ASCII tables"
category = "main"
optional = false
python-versions = "*"

[[package]]
name = "typing-extensions"
version = "4.2.0"
description = "Backported and Experimental Type Hints for Python 3.7+"
category = "dev"
optional = false
python-versions = ">=3.7"

[[package]]
name = "wcwidth"
version = "0.2.5"
description = "Measures the displayed width of unicode strings in a terminal"
category = "dev"
optional = false
python-versions = "*"

[[package]]
name = "zipp"
version = "3.8.0"
description = "Backport of pathlib-compatible object wrapper for zip files"
category = "dev"
optional = false
python-versions = ">=3.7"

[package.extras]
docs = ["sphinx", "jaraco.packaging (>=9)", "rst.linker (>=1.9)"]
testing = ["pytest (>=6)", "pytest-checkdocs (>=2.4)", "pytest-flake8", "pytest-cov", "pytest-enabler (>=1.0.1)", "jaraco.itertools", "func-timeout", "pytest-black (>=0.3.7)", "pytest-mypy (>=0.9.1)"]

[metadata]
lock-version = "1.1"
python-versions = "^3.7"
content-hash = "c26a21d4107f26df2bc9f9b4c647ed1eb13d86346b307b160870207bbf51d54c"

[metadata.files]
atomicwrites = [
    {file = "atomicwrites-1.4.0-py2.py3-none-any.whl", hash = "sha256:6d1784dea7c0c8d4a5172b6c620f40b6e4cbfdf96d783691f2e1302a7b88e197"},
    {file = "atomicwrites-1.4.0.tar.gz", hash = "sha256:ae70396ad1a434f9c7046fd2dd196fc04b12f9e91ffb859164193be8b6168a7a"},
]
attrs = [
    {file = "attrs-21.4.0-py2.py3-none-any.whl", hash = "sha256:2d27e3784d7a565d36ab851fe94887c5eccd6a463168875832a1be79c82828b4"},
    {file = "attrs-21.4.0.tar.gz", hash = "sha256:626ba8234211db98e869df76230a137c4c40a12d72445c45d5f5b716f076e2fd"},
]
cairocffi = [
    {file = "cairocffi-1.3.0.tar.gz", hash = "sha256:108a3a7cb09e203bdd8501d9baad91d786d204561bd71e9364e8b34897c47b91"},
]
cffi = [
    {file = "cffi-1.15.0-cp27-cp27m-macosx_10_9_x86_64.whl", hash = "sha256:c2502a1a03b6312837279c8c1bd3ebedf6c12c4228ddbad40912d671ccc8a962"},
    {file = "cffi-1.15.0-cp27-cp27m-manylinux1_i686.whl", hash = "sha256:23cfe892bd5dd8941608f93348c0737e369e51c100d03718f108bf1add7bd6d0"},
    {file = "cffi-1.15.0-cp27-cp27m-manylinux1_x86_64.whl", hash = "sha256:41d45de54cd277a7878919867c0f08b0cf817605e4eb94093e7516505d3c8d14"},
    {file = "cffi-1.15.0-cp27-cp27m-win32.whl", hash = "sha256:4a306fa632e8f0928956a41fa8e1d6243c71e7eb59ffbd165fc0b41e316b2474"},
    {file = "cffi-1.15.0-cp27-cp27m-win_amd64.whl", hash = "sha256:e7022a66d9b55e93e1a845d8c9eba2a1bebd4966cd8bfc25d9cd07d515b33fa6"},
    {file = "cffi-1.15.0-cp27-cp27mu-manylinux1_i686.whl", hash = "sha256:14cd121ea63ecdae71efa69c15c5543a4b5fbcd0bbe2aad864baca0063cecf27"},
    {file = "cffi-1.15.0-cp27-cp27mu-manylinux1_x86_64.whl", hash = "sha256:d4d692a89c5cf08a8557fdeb329b82e7bf609aadfaed6c0d79f5a449a3c7c023"},
    {file = "cffi-1.15.0-cp310-cp310-macosx_10_9_x86_64.whl", hash = "sha256:0104fb5ae2391d46a4cb082abdd5c69ea4eab79d8d44eaaf79f1b1fd806ee4c2"},
    {file = "cffi-1.15.0-cp310-cp310-macosx_11_0_arm64.whl", hash = "sha256:91ec59c33514b7c7559a6acda53bbfe1b283949c34fe7440bcf917f96ac0723e"},
    {file = "cffi-1.15.0-cp310-cp310-manylinux_2_12_i686.manylinux2010_i686.whl", hash = "sha256:f5c7150ad32ba43a07c4479f40241756145a1f03b43480e058cfd862bf5041c7"},
    {file = "cffi-1.15.0-cp310-cp310-manylinux_2_12_x86_64.manylinux2010_x86_64.whl", hash = "sha256:00c878c90cb53ccfaae6b8bc18ad05d2036553e6d9d1d9dbcf323bbe83854ca3"},
    {file = "cffi-1.15.0-cp310-cp310-manylinux_2_17_aarch64.manylinux2014_aarch64.whl", hash = "sha256:abb9a20a72ac4e0fdb50dae135ba5e77880518e742077ced47eb1499e29a443c"},
    {file = "cffi-1.15.0-cp310-cp310-manylinux_2_17_ppc64le.manylinux2014_ppc64le.whl", hash = "sha256:a5263e363c27b653a90078143adb3d076c1a748ec9ecc78ea2fb916f9b861962"},
    {file = "cffi-1.15.0-cp310-cp310-manylinux_2_17_s390x.manylinux2014_s390x.whl", hash = "sha256:f54a64f8b0c8ff0b64d18aa76675262e1700f3995182267998c31ae974fbc382"},
    {file = "cffi-1.15.0-cp310-cp310-win32.whl", hash = "sha256:c21c9e3896c23007803a875460fb786118f0cdd4434359577ea25eb556e34c55"},
    {file = "cffi-1.15.0-cp310-cp310-win_amd64.whl", hash = "sha256:5e069f72d497312b24fcc02073d70cb989045d1c91cbd53979366077959933e0"},
    {file = "cffi-1.15.0-cp36-cp36m-macosx_10_9_x86_64.whl", hash = "sha256:64d4ec9f448dfe041705426000cc13e34e6e5bb13736e9fd62e34a0b0c41566e"},
    {file = "cffi-1.15.0-cp36-cp36m-manylinux_2_17_aarch64.manylinux2014_aarch64.whl", hash = "sha256:2756c88cbb94231c7a147402476be2c4df2f6078099a6f4a480d239a8817ae39"},
    {file = "cffi-1.15.0-cp36-cp36m-manylinux_2_17_ppc64le.manylinux2014_ppc64le.whl", hash = "sha256:3b96a311ac60a3f6be21d2572e46ce67f09abcf4d09344c49274eb9e0bf345fc"},
    {file = "cffi-1.15.0-cp36-cp36m-manylinux_2_17_s390x.manylinux2014_s390x.whl", hash = "sha256:75e4024375654472cc27e91cbe9eaa08567f7fbdf822638be2814ce059f58032"},
    {file = "cffi-1.15.0-cp36-cp36m-manylinux_2_5_i686.manylinux1_i686.whl", hash = "sha256:59888172256cac5629e60e72e86598027aca6bf01fa2465bdb676d37636573e8"},
    {file = "cffi-1.15.0-cp36-cp36m-manylinux_2_5_x86_64.manylinux1_x86_64.whl", hash = "sha256:27c219baf94952ae9d50ec19651a687b826792055353d07648a5695413e0c605"},
    {file = "cffi-1.15.0-cp36-cp36m-win32.whl", hash = "sha256:4958391dbd6249d7ad855b9ca88fae690783a6be9e86df65865058ed81fc860e"},
    {file = "cffi-1.15.0-cp36-cp36m-win_amd64.whl", hash = "sha256:f6f824dc3bce0edab5f427efcfb1d63ee75b6fcb7282900ccaf925be84efb0fc"},
    {file = "cffi-1.15.0-cp37-cp37m-macosx_10_9_x86_64.whl", hash = "sha256:06c48159c1abed75c2e721b1715c379fa3200c7784271b3c46df01383b593636"},
    {file = "cffi-1.15.0-cp37-cp37m-manylinux_2_12_i686.manylinux2010_i686.whl", hash = "sha256:c2051981a968d7de9dd2d7b87bcb9c939c74a34626a6e2f8181455dd49ed69e4"},
    {file = "cffi-1.15.0-cp37-cp37m-manylinux_2_12_x86_64.manylinux2010_x86_64.whl", hash = "sha256:fd8a250edc26254fe5b33be00402e6d287f562b6a5b2152dec302fa15bb3e997"},
    {file = "cffi-1.15.0-cp37-cp37m-manylinux_2_17_aarch64.manylinux2014_aarch64.whl", hash = "sha256:91d77d2a782be4274da750752bb1650a97bfd8f291022b379bb8e01c66b4e96b"},
    {file = "cffi-1.15.0-cp37-cp37m-manylinux_2_17_ppc64le.manylinux2014_ppc64le.whl", hash = "sha256:45db3a33139e9c8f7c09234b5784a5e33d31fd6907800b316decad50af323ff2"},
    {file = "cffi-1.15.0-cp37-cp37m-manylinux_2_17_s390x.manylinux2014_s390x.whl", hash = "sha256:263cc3d821c4ab2213cbe8cd8b355a7f72a8324577dc865ef98487c1aeee2bc7"},
    {file = "cffi-1.15.0-cp37-cp37m-win32.whl", hash = "sha256:17771976e82e9f94976180f76468546834d22a7cc404b17c22df2a2c81db0c66"},
    {file = "cffi-1.15.0-cp37-cp37m-win_amd64.whl", hash = "sha256:3415c89f9204ee60cd09b235810be700e993e343a408693e80ce7f6a40108029"},
    {file = "cffi-1.15.0-cp38-cp38-macosx_10_9_x86_64.whl", hash = "sha256:4238e6dab5d6a8ba812de994bbb0a79bddbdf80994e4ce802b6f6f3142fcc880"},
    {file = "cffi-1.15.0-cp38-cp38-manylinux_2_12_i686.manylinux2010_i686.whl", hash = "sha256:0808014eb713677ec1292301ea4c81ad277b6cdf2fdd90fd540af98c0b101d20"},
    {file = "cffi-1.15.0-cp38-cp38-manylinux_2_12_x86_64.manylinux2010_x86_64.whl", hash = "sha256:57e9ac9ccc3101fac9d6014fba037473e4358ef4e89f8e181f8951a2c0162024"},
    {file = "cffi-1.15.0-cp38-cp38-manylinux_2_17_aarch64.manylinux2014_aarch64.whl", hash = "sha256:8b6c2ea03845c9f501ed1313e78de148cd3f6cad741a75d43a29b43da27f2e1e"},
    {file = "cffi-1.15.0-cp38-cp38-manylinux_2_17_ppc64le.manylinux2014_ppc64le.whl", hash = "sha256:10dffb601ccfb65262a27233ac273d552ddc4d8ae1bf93b21c94b8511bffe728"},
    {file = "cffi-1.15.0-cp38-cp38-manylinux_2_17_s390x.manylinux2014_s390x.whl", hash = "sha256:786902fb9ba7433aae840e0ed609f45c7bcd4e225ebb9c753aa39725bb3e6ad6"},
    {file = "cffi-1.15.0-cp38-cp38-win32.whl", hash = "sha256:da5db4e883f1ce37f55c667e5c0de439df76ac4cb55964655906306918e7363c"},
    {file = "cffi-1.15.0-cp38-cp38-win_amd64.whl", hash = "sha256:181dee03b1170ff1969489acf1c26533710231c58f95534e3edac87fff06c443"},
    {file = "cffi-1.15.0-cp39-cp39-macosx_10_9_x86_64.whl", hash = "sha256:45e8636704eacc432a206ac7345a5d3d2c62d95a507ec70d62f23cd91770482a"},
    {file = "cffi-1.15.0-cp39-cp39-macosx_11_0_arm64.whl", hash = "sha256:31fb708d9d7c3f49a60f04cf5b119aeefe5644daba1cd2a0fe389b674fd1de37"},
    {file = "cffi-1.15.0-cp39-cp39-manylinux_2_12_i686.manylinux2010_i686.whl", hash = "sha256:6dc2737a3674b3e344847c8686cf29e500584ccad76204efea14f451d4cc669a"},
    {file = "cffi-1.15.0-cp39-cp39-manylinux_2_12_x86_64.manylinux2010_x86_64.whl", hash = "sha256:74fdfdbfdc48d3f47148976f49fab3251e550a8720bebc99bf1483f5bfb5db3e"},
    {file = "cffi-1.15.0-cp39-cp39-manylinux_2_17_aarch64.manylinux2014_aarch64.whl", hash = "sha256:ffaa5c925128e29efbde7301d8ecaf35c8c60ffbcd6a1ffd3a552177c8e5e796"},
    {file = "cffi-1.15.0-cp39-cp39-manylinux_2_17_ppc64le.manylinux2014_ppc64le.whl", hash = "sha256:3f7d084648d77af029acb79a0ff49a0ad7e9d09057a9bf46596dac9514dc07df"},
    {file = "cffi-1.15.0-cp39-cp39-manylinux_2_17_s390x.manylinux2014_s390x.whl", hash = "sha256:ef1f279350da2c586a69d32fc8733092fd32cc8ac95139a00377841f59a3f8d8"},
    {file = "cffi-1.15.0-cp39-cp39-win32.whl", hash = "sha256:2a23af14f408d53d5e6cd4e3d9a24ff9e05906ad574822a10563efcef137979a"},
    {file = "cffi-1.15.0-cp39-cp39-win_amd64.whl", hash = "sha256:3773c4d81e6e818df2efbc7dd77325ca0dcb688116050fb2b3011218eda36139"},
    {file = "cffi-1.15.0.tar.gz", hash = "sha256:920f0d66a896c2d99f0adbb391f990a84091179542c205fa53ce5787aff87954"},
]
colorama = [
    {file = "colorama-0.4.5-py2.py3-none-any.whl", hash = "sha256:854bf444933e37f5824ae7bfc1e98d5bce2ebe4160d46b5edf346a89358e99da"},
    {file = "colorama-0.4.5.tar.gz", hash = "sha256:e6c6b4334fc50988a639d9b98aa429a0b57da6e17b9a44f0451f930b6967b7a4"},
]
igraph = [
    {file = "igraph-0.9.11-cp310-cp310-macosx_10_9_x86_64.whl", hash = "sha256:eb074a25d0e15dc85bab502adb73200e34aae7ee34f552958ff86c04bb524172"},
    {file = "igraph-0.9.11-cp310-cp310-macosx_11_0_arm64.whl", hash = "sha256:4ff5de0fad77d468d362f5d1472dc3f43707655a631f5c92e068fa2acdfb29a0"},
    {file = "igraph-0.9.11-cp310-cp310-manylinux_2_17_aarch64.manylinux2014_aarch64.whl", hash = "sha256:8be37443badfc24cef7e1066ca9cb2cf8932b8e819f810c017040d31b71614a1"},
    {file = "igraph-0.9.11-cp310-cp310-manylinux_2_17_i686.manylinux2014_i686.whl", hash = "sha256:4efa64c829b28622ffddab69f9bea8749973cd1ec0d2aee9f9b120eb8a0a9f38"},
    {file = "igraph-0.9.11-cp310-cp310-manylinux_2_17_x86_64.manylinux2014_x86_64.whl", hash = "sha256:d544737e23f2d72590f900c26f7b58c695cc1887548570cf6291d3d2d08bf31e"},
    {file = "igraph-0.9.11-cp310-cp310-musllinux_1_1_aarch64.whl", hash = "sha256:fc70d029ade6f8df290ea4032a1151430a1cc0af19d8cc8754fc528fd41161bb"},
    {file = "igraph-0.9.11-cp310-cp310-musllinux_1_1_i686.whl", hash = "sha256:028c9e739b7b3b26a25488856aee3ef9c2c2caa214bce2bd701586824a7878e1"},
    {file = "igraph-0.9.11-cp310-cp310-musllinux_1_1_x86_64.whl", hash = "sha256:ee9e8a2ce0cf9408257048f3a8d389f3e37bfbf60cf9967b601f55b892c9ae98"},
    {file = "igraph-0.9.11-cp310-cp310-win32.whl", hash = "sha256:d57416b6a41fad4f490b1e38ff236a6bc2fee6f4febb236df0262338fd40385c"},
    {file = "igraph-0.9.11-cp310-cp310-win_amd64.whl", hash = "sha256:285f8f7fa2a21e036a9ececf93edeee25b017ff7144a7852760d68884f657978"},
    {file = "igraph-0.9.11-cp36-cp36m-macosx_10_9_x86_64.whl", hash = "sha256:5564fc8531c487679fc329e270566ebdcb2dd4e6c6ae7e4bfc2b2e4c509c65aa"},
    {file = "igraph-0.9.11-cp36-cp36m-manylinux_2_17_aarch64.manylinux2014_aarch64.whl", hash = "sha256:687d9354d9f69cf4a743bac536277924d35bcc9afee8907962269e65ee84691e"},
    {file = "igraph-0.9.11-cp36-cp36m-manylinux_2_17_i686.manylinux2014_i686.whl", hash = "sha256:494ab3e553880790cd404ba6f825ac38c76028ccd47d04d4c449eef5e7711fac"},
    {file = "igraph-0.9.11-cp36-cp36m-manylinux_2_17_x86_64.manylinux2014_x86_64.whl", hash = "sha256:9f2851f13b4cba514aed4bda1ac479b18fd86ae21f6b6a4fe20ee33d8537bf2e"},
    {file = "igraph-0.9.11-cp36-cp36m-musllinux_1_1_aarch64.whl", hash = "sha256:3760f4d1835a533e2f80305ed6445c819d2aa94643df09d1eee810283cbe0a6c"},
    {file = "igraph-0.9.11-cp36-cp36m-musllinux_1_1_i686.whl", hash = "sha256:c5b8073db0d5c8cd0120d06e67500274a6ed2858a51f0ee28b0ef0096cdcaf8e"},
    {file = "igraph-0.9.11-cp36-cp36m-musllinux_1_1_x86_64.whl", hash = "sha256:d5ba1babe72bfaa1367a206699a8afdbc58ab51182bdfd75e5f65294c22d5d7f"},
    {file = "igraph-0.9.11-cp36-cp36m-win32.whl", hash = "sha256:c283f3b9860d55184a09df0c4c9a95757c0459eb4ba319cba3ed2b52f8a7a046"},
    {file = "igraph-0.9.11-cp36-cp36m-win_amd64.whl", hash = "sha256:704e63d903faac3cd21b20645e037405c458c533f45b502d646b84b7e30a784b"},
    {file = "igraph-0.9.11-cp37-cp37m-macosx_10_9_x86_64.whl", hash = "sha256:76afe319a995b6f5cb3dd9dedbf0b6faa5ec276d497c0a83139f56724e898832"},
    {file = "igraph-0.9.11-cp37-cp37m-manylinux_2_17_aarch64.manylinux2014_aarch64.whl", hash = "sha256:27e84a06f3f8a89281daec87d3ffb5de3c7d8e11a13b6d407162e0b6fc37965a"},
    {file = "igraph-0.9.11-cp37-cp37m-manylinux_2_17_i686.manylinux2014_i686.whl", hash = "sha256:377074682edcaa2fcf98c0dbc68d455e24918d18471619661293b726656de9a5"},
    {file = "igraph-0.9.11-cp37-cp37m-manylinux_2_17_x86_64.manylinux2014_x86_64.whl", hash = "sha256:025c3dde1d5ed4c4c7cf0aa4bfaf394c15245a3704f0d18015367d67e85285bb"},
    {file = "igraph-0.9.11-cp37-cp37m-musllinux_1_1_aarch64.whl", hash = "sha256:dae06ff6ae299015f1a2be3702074c628e3806a733ddcb7acbf396d486e2c007"},
    {file = "igraph-0.9.11-cp37-cp37m-musllinux_1_1_i686.whl", hash = "sha256:7a9117944267e2bbb8ef16119646eda454834916db7c4a2e195cff5230040be9"},
    {file = "igraph-0.9.11-cp37-cp37m-musllinux_1_1_x86_64.whl", hash = "sha256:3790ae89306e297404f47df8a6a1bdb312495574a98c8315cb1bec32b511053e"},
    {file = "igraph-0.9.11-cp37-cp37m-win32.whl", hash = "sha256:e9bfc80f1cf86504a239ff6f67211890e5ffdd70d940fffa0845fff2c98097da"},
    {file = "igraph-0.9.11-cp37-cp37m-win_amd64.whl", hash = "sha256:cd5e64a7d050d1c402312aec9613e38901c57e4e24e5d1cf0ed097ca57691e3d"},
    {file = "igraph-0.9.11-cp38-cp38-macosx_10_9_x86_64.whl", hash = "sha256:699a0a84f80caff3365b6578341513cdd9b666dd4f3278b18a76f8c17b314402"},
    {file = "igraph-0.9.11-cp38-cp38-macosx_11_0_arm64.whl", hash = "sha256:3b4fda4f8f520e17b4631645fe4b8b8eb1624fdc7424609c8d22e487434e8b02"},
    {file = "igraph-0.9.11-cp38-cp38-manylinux_2_17_aarch64.manylinux2014_aarch64.whl", hash = "sha256:78e768b2ad6b43fe2a7f1f799a9d4f5e59ca66dbd4ea5f6b1dfa7a7f1d5dadbe"},
    {file = "igraph-0.9.11-cp38-cp38-manylinux_2_17_i686.manylinux2014_i686.whl", hash = "sha256:068593958fd4c5fa58022b98f40b94728d5f9f7d67d7c27cbde8ee527669aad3"},
    {file = "igraph-0.9.11-cp38-cp38-manylinux_2_17_x86_64.manylinux2014_x86_64.whl", hash = "sha256:94f327a9b214fba5d295fa30c3b252591878ef05cacf0acd95f07f0fee261b7d"},
    {file = "igraph-0.9.11-cp38-cp38-musllinux_1_1_aarch64.whl", hash = "sha256:a6278758d7871ad015d082982d89ba4f2415a142c52c661f565ef511b2587b3f"},
    {file = "igraph-0.9.11-cp38-cp38-musllinux_1_1_i686.whl", hash = "sha256:1f030c1c492baa9cc2f45cc4a554269351bfa873c0a1e081a56a7d5413f29a5a"},
    {file = "igraph-0.9.11-cp38-cp38-musllinux_1_1_x86_64.whl", hash = "sha256:d1b18493fc48e7345f428920ef97a49d821051bf58ced800862814b6b83e2fce"},
    {file = "igraph-0.9.11-cp38-cp38-win32.whl", hash = "sha256:486e58b649bacc0a209093e5701cb64e58917970159be0e9f6f8608a29d0a762"},
    {file = "igraph-0.9.11-cp38-cp38-win_amd64.whl", hash = "sha256:df4040dd0009ba3f0a8e32f47c56f6707cd99b4cbe488fe1fe01fc2cfabccc38"},
    {file = "igraph-0.9.11-cp39-cp39-macosx_10_9_x86_64.whl", hash = "sha256:fb4cd7cf46f1c141a12bf72e9bdcf0dd4effb0ca7e363ab74c0b1f3a62fcaf65"},
    {file = "igraph-0.9.11-cp39-cp39-macosx_11_0_arm64.whl", hash = "sha256:017b1d1815894603424f7de0c82e7cb6bf18b6d18185cf1047853affd70ee78e"},
    {file = "igraph-0.9.11-cp39-cp39-manylinux_2_17_aarch64.manylinux2014_aarch64.whl", hash = "sha256:8bd658702b95fbb4e579e639f393507821ed06dfa56d0c5db6aa89c2370a2424"},
    {file = "igraph-0.9.11-cp39-cp39-manylinux_2_17_i686.manylinux2014_i686.whl", hash = "sha256:d30ce17668fd711ff8ff106c320b8ba031ecc61b8b92af0a3fdd4d8dbd173c8d"},
    {file = "igraph-0.9.11-cp39-cp39-manylinux_2_17_x86_64.manylinux2014_x86_64.whl", hash = "sha256:7b930b21d69f3b36921f34f466d0350e05690b7cd2ba4bb71fad42b45183039a"},
    {file = "igraph-0.9.11-cp39-cp39-musllinux_1_1_aarch64.whl", hash = "sha256:dc623e09546c0b6055e5489f578e075e00d906b927c1dbfff7561d11e46f4277"},
    {file = "igraph-0.9.11-cp39-cp39-musllinux_1_1_i686.whl", hash = "sha256:87bf97fb2774ec346c84790d994b6d95e60187105521baf44d46a845f0264d0c"},
    {file = "igraph-0.9.11-cp39-cp39-musllinux_1_1_x86_64.whl", hash = "sha256:b9459e1f1097cd6c6511fb459147229b41ba8f3c8cebf21ca1bfe93f212a3565"},
    {file = "igraph-0.9.11-cp39-cp39-win32.whl", hash = "sha256:4319839f517066e28ffc73722d733d5aacc89dec9d615224754e168445893b6c"},
    {file = "igraph-0.9.11-cp39-cp39-win_amd64.whl", hash = "sha256:1c1cf8b689b7bf97c52f4887f1a305a95f7c2e5b21b439b6f2d691b444760934"},
    {file = "igraph-0.9.11-pp37-pypy37_pp73-macosx_10_9_x86_64.whl", hash = "sha256:c96409c4dae691320af44c95cacb9136b79c86696139fb33c2d032574d9350e4"},
    {file = "igraph-0.9.11-pp37-pypy37_pp73-manylinux_2_17_aarch64.manylinux2014_aarch64.whl", hash = "sha256:47bd090377109d9eb85987d0ca97c400fd4bdd3d9d40b68fa5842696433bf1e3"},
    {file = "igraph-0.9.11-pp37-pypy37_pp73-manylinux_2_17_i686.manylinux2014_i686.whl", hash = "sha256:be85fde2d0acc611af7517df4205fc578fed44a7d82a5ac4904e70730adc3afd"},
    {file = "igraph-0.9.11-pp37-pypy37_pp73-manylinux_2_17_x86_64.manylinux2014_x86_64.whl", hash = "sha256:cc5687139bf40b8172ebcef0f80752ac2a7988d2dfddb329028df2647434e2af"},
    {file = "igraph-0.9.11-pp37-pypy37_pp73-win_amd64.whl", hash = "sha256:f42833056d0b0ddca4fd586c2fd65dd1d525346f5d1dc87ef3edcde758a5ffb0"},
    {file = "igraph-0.9.11-pp38-pypy38_pp73-macosx_10_9_x86_64.whl", hash = "sha256:52125e1dc082564fcaa541c37b895b8ffa108cb3af2dfc238c71e4200bd5b008"},
    {file = "igraph-0.9.11-pp38-pypy38_pp73-manylinux_2_17_aarch64.manylinux2014_aarch64.whl", hash = "sha256:0911edb07495da82f75b155772c3e623c1975e16e47f98808ae54cb316f487e3"},
    {file = "igraph-0.9.11-pp38-pypy38_pp73-manylinux_2_17_i686.manylinux2014_i686.whl", hash = "sha256:4da58576fd1d1a32d37ac067d3b74e5e244333fb749233d2350ae568472610b5"},
    {file = "igraph-0.9.11-pp38-pypy38_pp73-manylinux_2_17_x86_64.manylinux2014_x86_64.whl", hash = "sha256:8269f1fab636b2a4b2db752d02854c22f11918424003244cd99b77026fa4c3f2"},
    {file = "igraph-0.9.11-pp38-pypy38_pp73-win_amd64.whl", hash = "sha256:ba8ed0625e8055a89e2c0c472983dda2f2a450bba45d33f685f330a5ccbfc22b"},
    {file = "igraph-0.9.11-pp39-pypy39_pp73-macosx_10_9_x86_64.whl", hash = "sha256:4a8b0054ecc24ec0351cf0f26ac26b5b8d33c91afc8eea6d799ecc005f579a11"},
    {file = "igraph-0.9.11-pp39-pypy39_pp73-manylinux_2_17_aarch64.manylinux2014_aarch64.whl", hash = "sha256:f4f21b3e03762e0f4301f3ef3be010ed135b2449b5e9b566fa00220116b862f5"},
    {file = "igraph-0.9.11-pp39-pypy39_pp73-manylinux_2_17_i686.manylinux2014_i686.whl", hash = "sha256:22f6e70df0687a838996e266e4e4fd7aac0c9a163267e56cfe1a35fb0ce0eb37"},
    {file = "igraph-0.9.11-pp39-pypy39_pp73-manylinux_2_17_x86_64.manylinux2014_x86_64.whl", hash = "sha256:315832d08055dad7c5edc87daf78c7c6efca413471528b86662d86c6e78edd11"},
    {file = "igraph-0.9.11-pp39-pypy39_pp73-win_amd64.whl", hash = "sha256:acbf2f51c62135aaf4ced12eba3cf83b247a2787e23f11e99d674cc8d60ca73c"},
    {file = "igraph-0.9.11.tar.gz", hash = "sha256:52eeaf5c015e297d979fefc53038fbaaf5fff4fb5f5022dce43f3ddc78210515"},
]
importlib-metadata = [
    {file = "importlib_metadata-4.11.4-py3-none-any.whl", hash = "sha256:c58c8eb8a762858f49e18436ff552e83914778e50e9d2f1660535ffb364552ec"},
    {file = "importlib_metadata-4.11.4.tar.gz", hash = "sha256:5d26852efe48c0a32b0509ffbc583fda1a2266545a78d104a6f4aff3db17d700"},
]
more-itertools = [
    {file = "more-itertools-8.13.0.tar.gz", hash = "sha256:a42901a0a5b169d925f6f217cd5a190e32ef54360905b9c39ee7db5313bfec0f"},
    {file = "more_itertools-8.13.0-py3-none-any.whl", hash = "sha256:c5122bffc5f104d37c1626b8615b511f3427aa5389b94d61e5ef8236bfbc3ddb"},
]
packaging = [
    {file = "packaging-21.3-py3-none-any.whl", hash = "sha256:ef103e05f519cdc783ae24ea4e2e0f508a9c99b2d4969652eed6a2e1ea5bd522"},
    {file = "packaging-21.3.tar.gz", hash = "sha256:dd47c42927d89ab911e606518907cc2d3a1f38bbd026385970643f9c5b8ecfeb"},
]
pluggy = [
    {file = "pluggy-0.13.1-py2.py3-none-any.whl", hash = "sha256:966c145cd83c96502c3c3868f50408687b38434af77734af1e9ca461a4081d2d"},
    {file = "pluggy-0.13.1.tar.gz", hash = "sha256:15b2acde666561e1298d71b523007ed7364de07029219b604cf808bfa1c765b0"},
]
py = [
    {file = "py-1.11.0-py2.py3-none-any.whl", hash = "sha256:607c53218732647dff4acdfcd50cb62615cedf612e72d1724fb1a0cc6405b378"},
    {file = "py-1.11.0.tar.gz", hash = "sha256:51c75c4126074b472f746a24399ad32f6053d1b34b68d2fa41e558e6f4a98719"},
]
pycparser = [
    {file = "pycparser-2.21-py2.py3-none-any.whl", hash = "sha256:8ee45429555515e1f6b185e78100aea234072576aa43ab53aefcae078162fca9"},
    {file = "pycparser-2.21.tar.gz", hash = "sha256:e644fdec12f7872f86c58ff790da456218b10f863970249516d60a5eaca77206"},
]
pyparsing = [
    {file = "pyparsing-3.0.9-py3-none-any.whl", hash = "sha256:5026bae9a10eeaefb61dab2f09052b9f4307d44aee4eda64b309723d8d206bbc"},
    {file = "pyparsing-3.0.9.tar.gz", hash = "sha256:2b020ecf7d21b687f219b71ecad3631f644a47f01403fa1d1036b0c6416d70fb"},
]
pytest = [
    {file = "pytest-5.4.3-py3-none-any.whl", hash = "sha256:5c0db86b698e8f170ba4582a492248919255fcd4c79b1ee64ace34301fb589a1"},
    {file = "pytest-5.4.3.tar.gz", hash = "sha256:7979331bfcba207414f5e1263b5a0f8f521d0f457318836a7355531ed1a4c7d8"},
]
texttable = [
    {file = "texttable-1.6.4-py2.py3-none-any.whl", hash = "sha256:dd2b0eaebb2a9e167d1cefedab4700e5dcbdb076114eed30b58b97ed6b37d6f2"},
    {file = "texttable-1.6.4.tar.gz", hash = "sha256:42ee7b9e15f7b225747c3fa08f43c5d6c83bc899f80ff9bae9319334824076e9"},
]
typing-extensions = [
    {file = "typing_extensions-4.2.0-py3-none-any.whl", hash = "sha256:6657594ee297170d19f67d55c05852a874e7eb634f4f753dbd667855e07c1708"},
    {file = "typing_extensions-4.2.0.tar.gz", hash = "sha256:f1c24655a0da0d1b67f07e17a5e6b2a105894e6824b92096378bb3668ef02376"},
]
wcwidth = [
    {file = "wcwidth-0.2.5-py2.py3-none-any.whl", hash = "sha256:beb4802a9cebb9144e99086eff703a642a13d6a0052920003a230f3294bbe784"},
    {file = "wcwidth-0.2.5.tar.gz", hash = "sha256:c4d647b99872929fdb7bdcaa4fbe7f01413ed3d98077df798530e5b04f116c83"},
]
zipp = [
    {file = "zipp-3.8.0-py3-none-any.whl", hash = "sha256:c4f6e5bbf48e74f7a38e7cc5b0480ff42b0ae5178957d564d18932525d5cf099"},
    {file = "zipp-3.8.0.tar.gz", hash = "sha256:56bf8aadb83c24db6c4b577e13de374ccfb67da2078beba1d037c17980bf43ad"},
]
